
Microsoft Visual Studio Solution File, Format Version 12.00
# Visual Studio Version 16
VisualStudioVersion = 16.0.32228.343
MinimumVisualStudioVersion = 10.0.40219.1
Project("{FAE04EC0-301F-11D3-BF4B-00C04F79EFBC}") = "Giraffe", "Giraffe\Giraffe.csproj", "{8029307C-A056-465C-A90C-4FDBE325DFC9}"
EndProject
Global
	GlobalSection(SolutionConfigurationPlatforms) = preSolution
		Debug|Any CPU = Debug|Any CPU
		Release|Any CPU = Release|Any CPU
	EndGlobalSection
	GlobalSection(ProjectConfigurationPlatforms) = postSolution
		{8029307C-A056-465C-A90C-4FDBE325DFC9}.Debug|Any CPU.ActiveCfg = Debug|Any CPU
		{8029307C-A056-465C-A90C-4FDBE325DFC9}.Debug|Any CPU.Build.0 = Debug|Any CPU
		{8029307C-A056-465C-A90C-4FDBE325DFC9}.Release|Any CPU.ActiveCfg = Release|Any CPU
		{8029307C-A056-465C-A90C-4FDBE325DFC9}.Release|Any CPU.Build.0 = Release|Any CPU
	EndGlobalSection
	GlobalSection(SolutionProperties) = preSolution
		HideSolutionNode = FALSE
	EndGlobalSection
	GlobalSection(ExtensibilityGlobals) = postSolution
		SolutionGuid = {99E9EC82-4B8F-4EEE-996C-F971151B9387}
	EndGlobalSection
EndGlobal
