
Microsoft Visual Studio Solution File, Format Version 12.00
# Visual Studio Version 17
VisualStudioVersion = 17.3.32901.215
MinimumVisualStudioVersion = 10.0.40219.1
Project("{FAE04EC0-301F-11D3-BF4B-00C04F79EFBC}") = "DependencyInjectionDemo", "DependencyInjectionDemo\DependencyInjectionDemo.csproj", "{03226C92-52A2-4871-8487-7AAE6CEAF35C}"
EndProject
Global
	GlobalSection(SolutionConfigurationPlatforms) = preSolution
		Debug|Any CPU = Debug|Any CPU
		Release|Any CPU = Release|Any CPU
	EndGlobalSection
	GlobalSection(ProjectConfigurationPlatforms) = postSolution
		{03226C92-52A2-4871-8487-7AAE6CEAF35C}.Debug|Any CPU.ActiveCfg = Debug|Any CPU
		{03226C92-52A2-4871-8487-7AAE6CEAF35C}.Debug|Any CPU.Build.0 = Debug|Any CPU
		{03226C92-52A2-4871-8487-7AAE6CEAF35C}.Release|Any CPU.ActiveCfg = Release|Any CPU
		{03226C92-52A2-4871-8487-7AAE6CEAF35C}.Release|Any CPU.Build.0 = Release|Any CPU
	EndGlobalSection
	GlobalSection(SolutionProperties) = preSolution
		HideSolutionNode = FALSE
	EndGlobalSection
	GlobalSection(ExtensibilityGlobals) = postSolution
		SolutionGuid = {A2166557-251B-4E4F-9D49-7AAB6BF02A8E}
	EndGlobalSection
EndGlobal
