
Microsoft Visual Studio Solution File, Format Version 12.00
# Visual Studio Version 16
VisualStudioVersion = 16.0.32228.343
MinimumVisualStudioVersion = 10.0.40219.1
Project("{FAE04EC0-301F-11D3-BF4B-00C04F79EFBC}") = "DatesAndTimes", "DatesAndTimes\DatesAndTimes.csproj", "{BC443602-E816-4AE5-B74B-42633CA39C34}"
EndProject
Global
	GlobalSection(SolutionConfigurationPlatforms) = preSolution
		Debug|Any CPU = Debug|Any CPU
		Release|Any CPU = Release|Any CPU
	EndGlobalSection
	GlobalSection(ProjectConfigurationPlatforms) = postSolution
		{BC443602-E816-4AE5-B74B-42633CA39C34}.Debug|Any CPU.ActiveCfg = Debug|Any CPU
		{BC443602-E816-4AE5-B74B-42633CA39C34}.Debug|Any CPU.Build.0 = Debug|Any CPU
		{BC443602-E816-4AE5-B74B-42633CA39C34}.Release|Any CPU.ActiveCfg = Release|Any CPU
		{BC443602-E816-4AE5-B74B-42633CA39C34}.Release|Any CPU.Build.0 = Release|Any CPU
	EndGlobalSection
	GlobalSection(SolutionProperties) = preSolution
		HideSolutionNode = FALSE
	EndGlobalSection
	GlobalSection(ExtensibilityGlobals) = postSolution
		SolutionGuid = {B2D52D33-5F29-44FF-991C-C22F875543CD}
	EndGlobalSection
EndGlobal
