
Microsoft Visual Studio Solution File, Format Version 12.00
# Visual Studio Version 17
VisualStudioVersion = 17.3.32901.215
MinimumVisualStudioVersion = 10.0.40219.1
Project("{FAE04EC0-301F-11D3-BF4B-00C04F79EFBC}") = "CloudFireEng", "CloudFireEng\CloudFireEng.csproj", "{65D40188-8F7A-496E-9518-712603938DB4}"
EndProject
Global
	GlobalSection(SolutionConfigurationPlatforms) = preSolution
		Debug|Any CPU = Debug|Any CPU
		Release|Any CPU = Release|Any CPU
	EndGlobalSection
	GlobalSection(ProjectConfigurationPlatforms) = postSolution
		{65D40188-8F7A-496E-9518-712603938DB4}.Debug|Any CPU.ActiveCfg = Debug|Any CPU
		{65D40188-8F7A-496E-9518-712603938DB4}.Debug|Any CPU.Build.0 = Debug|Any CPU
		{65D40188-8F7A-496E-9518-712603938DB4}.Release|Any CPU.ActiveCfg = Release|Any CPU
		{65D40188-8F7A-496E-9518-712603938DB4}.Release|Any CPU.Build.0 = Release|Any CPU
	EndGlobalSection
	GlobalSection(SolutionProperties) = preSolution
		HideSolutionNode = FALSE
	EndGlobalSection
	GlobalSection(ExtensibilityGlobals) = postSolution
		SolutionGuid = {4A85F624-B0FD-4299-AD38-E98007B05B97}
	EndGlobalSection
EndGlobal
