
Microsoft Visual Studio Solution File, Format Version 12.00
# Visual Studio Version 16
VisualStudioVersion = 16.0.32228.343
MinimumVisualStudioVersion = 10.0.40219.1
Project("{FAE04EC0-301F-11D3-BF4B-00C04F79EFBC}") = "EnumsAndSwitch", "EnumsAndSwitch\EnumsAndSwitch.csproj", "{77A12FFA-B991-49BA-A4F8-812A46400DF1}"
EndProject
Global
	GlobalSection(SolutionConfigurationPlatforms) = preSolution
		Debug|Any CPU = Debug|Any CPU
		Release|Any CPU = Release|Any CPU
	EndGlobalSection
	GlobalSection(ProjectConfigurationPlatforms) = postSolution
		{77A12FFA-B991-49BA-A4F8-812A46400DF1}.Debug|Any CPU.ActiveCfg = Debug|Any CPU
		{77A12FFA-B991-49BA-A4F8-812A46400DF1}.Debug|Any CPU.Build.0 = Debug|Any CPU
		{77A12FFA-B991-49BA-A4F8-812A46400DF1}.Release|Any CPU.ActiveCfg = Release|Any CPU
		{77A12FFA-B991-49BA-A4F8-812A46400DF1}.Release|Any CPU.Build.0 = Release|Any CPU
	EndGlobalSection
	GlobalSection(SolutionProperties) = preSolution
		HideSolutionNode = FALSE
	EndGlobalSection
	GlobalSection(ExtensibilityGlobals) = postSolution
		SolutionGuid = {8036AEE5-BC3A-4BEB-A24E-CF9DD0E54F33}
	EndGlobalSection
EndGlobal
