
Microsoft Visual Studio Solution File, Format Version 12.00
# Visual Studio Version 16
VisualStudioVersion = 16.0.32228.343
MinimumVisualStudioVersion = 10.0.40219.1
Project("{FAE04EC0-301F-11D3-BF4B-00C04F79EFBC}") = "WPFEvents", "WPFEvents\WPFEvents.csproj", "{07DBDA9A-05C8-407F-9926-F3BD77047C88}"
EndProject
Global
	GlobalSection(SolutionConfigurationPlatforms) = preSolution
		Debug|Any CPU = Debug|Any CPU
		Release|Any CPU = Release|Any CPU
	EndGlobalSection
	GlobalSection(ProjectConfigurationPlatforms) = postSolution
		{07DBDA9A-05C8-407F-9926-F3BD77047C88}.Debug|Any CPU.ActiveCfg = Debug|Any CPU
		{07DBDA9A-05C8-407F-9926-F3BD77047C88}.Debug|Any CPU.Build.0 = Debug|Any CPU
		{07DBDA9A-05C8-407F-9926-F3BD77047C88}.Release|Any CPU.ActiveCfg = Release|Any CPU
		{07DBDA9A-05C8-407F-9926-F3BD77047C88}.Release|Any CPU.Build.0 = Release|Any CPU
	EndGlobalSection
	GlobalSection(SolutionProperties) = preSolution
		HideSolutionNode = FALSE
	EndGlobalSection
	GlobalSection(ExtensibilityGlobals) = postSolution
		SolutionGuid = {0D01FD6B-1B4F-4B48-8E96-96053AFE1462}
	EndGlobalSection
EndGlobal
