
Microsoft Visual Studio Solution File, Format Version 12.00
# Visual Studio Version 16
VisualStudioVersion = 16.0.32228.343
MinimumVisualStudioVersion = 10.0.40219.1
Project("{FAE04EC0-301F-11D3-BF4B-00C04F79EFBC}") = "EventHandlingTimerExample", "EventHandlingTimerExample\EventHandlingTimerExample.csproj", "{8BC031FD-8E47-46B8-B068-59B619B8412D}"
EndProject
Global
	GlobalSection(SolutionConfigurationPlatforms) = preSolution
		Debug|Any CPU = Debug|Any CPU
		Release|Any CPU = Release|Any CPU
	EndGlobalSection
	GlobalSection(ProjectConfigurationPlatforms) = postSolution
		{8BC031FD-8E47-46B8-B068-59B619B8412D}.Debug|Any CPU.ActiveCfg = Debug|Any CPU
		{8BC031FD-8E47-46B8-B068-59B619B8412D}.Debug|Any CPU.Build.0 = Debug|Any CPU
		{8BC031FD-8E47-46B8-B068-59B619B8412D}.Release|Any CPU.ActiveCfg = Release|Any CPU
		{8BC031FD-8E47-46B8-B068-59B619B8412D}.Release|Any CPU.Build.0 = Release|Any CPU
	EndGlobalSection
	GlobalSection(SolutionProperties) = preSolution
		HideSolutionNode = FALSE
	EndGlobalSection
	GlobalSection(ExtensibilityGlobals) = postSolution
		SolutionGuid = {824BDCB7-CFBD-4C61-A65F-856490139BCA}
	EndGlobalSection
EndGlobal
