
Microsoft Visual Studio Solution File, Format Version 12.00
# Visual Studio Version 16
VisualStudioVersion = 16.0.32228.343
MinimumVisualStudioVersion = 10.0.40219.1
Project("{FAE04EC0-301F-11D3-BF4B-00C04F79EFBC}") = "WorkingWithStrings", "WorkingWithStrings\WorkingWithStrings.csproj", "{2541D640-377C-4A15-B4F7-4E5174141941}"
EndProject
Global
	GlobalSection(SolutionConfigurationPlatforms) = preSolution
		Debug|Any CPU = Debug|Any CPU
		Release|Any CPU = Release|Any CPU
	EndGlobalSection
	GlobalSection(ProjectConfigurationPlatforms) = postSolution
		{2541D640-377C-4A15-B4F7-4E5174141941}.Debug|Any CPU.ActiveCfg = Debug|Any CPU
		{2541D640-377C-4A15-B4F7-4E5174141941}.Debug|Any CPU.Build.0 = Debug|Any CPU
		{2541D640-377C-4A15-B4F7-4E5174141941}.Release|Any CPU.ActiveCfg = Release|Any CPU
		{2541D640-377C-4A15-B4F7-4E5174141941}.Release|Any CPU.Build.0 = Release|Any CPU
	EndGlobalSection
	GlobalSection(SolutionProperties) = preSolution
		HideSolutionNode = FALSE
	EndGlobalSection
	GlobalSection(ExtensibilityGlobals) = postSolution
		SolutionGuid = {1D20B9F0-09E9-4778-9FC0-B43B1E486E73}
	EndGlobalSection
EndGlobal
