
Microsoft Visual Studio Solution File, Format Version 12.00
# Visual Studio Version 16
VisualStudioVersion = 16.0.32228.343
MinimumVisualStudioVersion = 10.0.40219.1
Project("{FAE04EC0-301F-11D3-BF4B-00C04F79EFBC}") = "ObjectLifetime", "ObjectLifetime\ObjectLifetime.csproj", "{78189838-A4E2-44B8-97BB-FA651507B7BC}"
EndProject
Global
	GlobalSection(SolutionConfigurationPlatforms) = preSolution
		Debug|Any CPU = Debug|Any CPU
		Release|Any CPU = Release|Any CPU
	EndGlobalSection
	GlobalSection(ProjectConfigurationPlatforms) = postSolution
		{78189838-A4E2-44B8-97BB-FA651507B7BC}.Debug|Any CPU.ActiveCfg = Debug|Any CPU
		{78189838-A4E2-44B8-97BB-FA651507B7BC}.Debug|Any CPU.Build.0 = Debug|Any CPU
		{78189838-A4E2-44B8-97BB-FA651507B7BC}.Release|Any CPU.ActiveCfg = Release|Any CPU
		{78189838-A4E2-44B8-97BB-FA651507B7BC}.Release|Any CPU.Build.0 = Release|Any CPU
	EndGlobalSection
	GlobalSection(SolutionProperties) = preSolution
		HideSolutionNode = FALSE
	EndGlobalSection
	GlobalSection(ExtensibilityGlobals) = postSolution
		SolutionGuid = {A335B6B3-6783-4BEF-A20A-BA03BA94061A}
	EndGlobalSection
EndGlobal
